
Microsoft Visual Studio Solution File, Format Version 12.00
# Visual Studio 2012
Project("{FAE04EC0-301F-11D3-BF4B-00C04F79EFBC}") = "CardsPoc", "CardsPoc\CardsPoc.csproj", "{B11C008C-5BD0-4ED6-829C-F67CE22A6D04}"
EndProject
Project("{FAE04EC0-301F-11D3-BF4B-00C04F79EFBC}") = "CardsPoc.Tests", "CardsPoc.Tests\CardsPoc.Tests.csproj", "{D0BF6A4F-9FC2-4292-82CD-2B7DE34DA9CD}"
EndProject
Global
	GlobalSection(SolutionConfigurationPlatforms) = preSolution
		Debug|Any CPU = Debug|Any CPU
		Release|Any CPU = Release|Any CPU
	EndGlobalSection
	GlobalSection(ProjectConfigurationPlatforms) = postSolution
		{B11C008C-5BD0-4ED6-829C-F67CE22A6D04}.Debug|Any CPU.ActiveCfg = Debug|Any CPU
		{B11C008C-5BD0-4ED6-829C-F67CE22A6D04}.Debug|Any CPU.Build.0 = Debug|Any CPU
		{B11C008C-5BD0-4ED6-829C-F67CE22A6D04}.Release|Any CPU.ActiveCfg = Release|Any CPU
		{B11C008C-5BD0-4ED6-829C-F67CE22A6D04}.Release|Any CPU.Build.0 = Release|Any CPU
		{D0BF6A4F-9FC2-4292-82CD-2B7DE34DA9CD}.Debug|Any CPU.ActiveCfg = Debug|Any CPU
		{D0BF6A4F-9FC2-4292-82CD-2B7DE34DA9CD}.Debug|Any CPU.Build.0 = Debug|Any CPU
		{D0BF6A4F-9FC2-4292-82CD-2B7DE34DA9CD}.Release|Any CPU.ActiveCfg = Release|Any CPU
		{D0BF6A4F-9FC2-4292-82CD-2B7DE34DA9CD}.Release|Any CPU.Build.0 = Release|Any CPU
	EndGlobalSection
	GlobalSection(SolutionProperties) = preSolution
		HideSolutionNode = FALSE
	EndGlobalSection
EndGlobal
